
Microsoft Visual Studio Solution File, Format Version 12.00
# Visual Studio 15
VisualStudioVersion = 15.0.28010.2048
MinimumVisualStudioVersion = 10.0.40219.1
Project("{FAE04EC0-301F-11D3-BF4B-00C04F79EFBC}") = "CSVFileComparsion", "CSVFileComparsion\CSVFileComparsion.csproj", "{5BE024D1-79FB-4655-AB42-5CD3C280342E}"
EndProject
Project("{FAE04EC0-301F-11D3-BF4B-00C04F79EFBC}") = "CSVFileComparisionTests", "CSVFileComparisionTests\CSVFileComparisionTests.csproj", "{057DCBF6-B336-4FFB-9A78-17827C7E9E39}"
EndProject
Global
	GlobalSection(SolutionConfigurationPlatforms) = preSolution
		Debug|Any CPU = Debug|Any CPU
		Release|Any CPU = Release|Any CPU
	EndGlobalSection
	GlobalSection(ProjectConfigurationPlatforms) = postSolution
		{5BE024D1-79FB-4655-AB42-5CD3C280342E}.Debug|Any CPU.ActiveCfg = Debug|Any CPU
		{5BE024D1-79FB-4655-AB42-5CD3C280342E}.Debug|Any CPU.Build.0 = Debug|Any CPU
		{5BE024D1-79FB-4655-AB42-5CD3C280342E}.Release|Any CPU.ActiveCfg = Release|Any CPU
		{5BE024D1-79FB-4655-AB42-5CD3C280342E}.Release|Any CPU.Build.0 = Release|Any CPU
		{057DCBF6-B336-4FFB-9A78-17827C7E9E39}.Debug|Any CPU.ActiveCfg = Debug|Any CPU
		{057DCBF6-B336-4FFB-9A78-17827C7E9E39}.Debug|Any CPU.Build.0 = Debug|Any CPU
		{057DCBF6-B336-4FFB-9A78-17827C7E9E39}.Release|Any CPU.ActiveCfg = Release|Any CPU
		{057DCBF6-B336-4FFB-9A78-17827C7E9E39}.Release|Any CPU.Build.0 = Release|Any CPU
	EndGlobalSection
	GlobalSection(SolutionProperties) = preSolution
		HideSolutionNode = FALSE
	EndGlobalSection
	GlobalSection(ExtensibilityGlobals) = postSolution
		SolutionGuid = {C88E18A7-FB12-4FBE-8120-F21F32F44B59}
	EndGlobalSection
EndGlobal
